
Microsoft Visual Studio Solution File, Format Version 12.00
# Visual Studio Version 17
VisualStudioVersion = 17.2.32516.85
MinimumVisualStudioVersion = 10.0.40219.1
Project("{9A19103F-16F7-4668-BE54-9A1E7A4F7556}") = "DataTables.Library", "DataTables.Library\DataTables.Library.csproj", "{8E3AA090-966A-4A22-B517-B248ABC68984}"
EndProject
Project("{9A19103F-16F7-4668-BE54-9A1E7A4F7556}") = "Testing", "Testing\Testing.csproj", "{E4B5407F-8F0E-490D-A763-5D40D6159D2F}"
EndProject
Project("{FAE04EC0-301F-11D3-BF4B-00C04F79EFBC}") = "DataTables.Library.Net46", "DataTables.Library.Net46\DataTables.Library.Net46.csproj", "{0E9D94ED-AAA7-46B3-B1BE-9292413BD675}"
EndProject
Global
	GlobalSection(SolutionConfigurationPlatforms) = preSolution
		Debug|Any CPU = Debug|Any CPU
		Release|Any CPU = Release|Any CPU
	EndGlobalSection
	GlobalSection(ProjectConfigurationPlatforms) = postSolution
		{8E3AA090-966A-4A22-B517-B248ABC68984}.Debug|Any CPU.ActiveCfg = Debug|Any CPU
		{8E3AA090-966A-4A22-B517-B248ABC68984}.Debug|Any CPU.Build.0 = Debug|Any CPU
		{8E3AA090-966A-4A22-B517-B248ABC68984}.Release|Any CPU.ActiveCfg = Release|Any CPU
		{8E3AA090-966A-4A22-B517-B248ABC68984}.Release|Any CPU.Build.0 = Release|Any CPU
		{E4B5407F-8F0E-490D-A763-5D40D6159D2F}.Debug|Any CPU.ActiveCfg = Debug|Any CPU
		{E4B5407F-8F0E-490D-A763-5D40D6159D2F}.Debug|Any CPU.Build.0 = Debug|Any CPU
		{E4B5407F-8F0E-490D-A763-5D40D6159D2F}.Release|Any CPU.ActiveCfg = Release|Any CPU
		{E4B5407F-8F0E-490D-A763-5D40D6159D2F}.Release|Any CPU.Build.0 = Release|Any CPU
		{0E9D94ED-AAA7-46B3-B1BE-9292413BD675}.Debug|Any CPU.ActiveCfg = Debug|Any CPU
		{0E9D94ED-AAA7-46B3-B1BE-9292413BD675}.Debug|Any CPU.Build.0 = Debug|Any CPU
		{0E9D94ED-AAA7-46B3-B1BE-9292413BD675}.Release|Any CPU.ActiveCfg = Release|Any CPU
		{0E9D94ED-AAA7-46B3-B1BE-9292413BD675}.Release|Any CPU.Build.0 = Release|Any CPU
	EndGlobalSection
	GlobalSection(SolutionProperties) = preSolution
		HideSolutionNode = FALSE
	EndGlobalSection
	GlobalSection(ExtensibilityGlobals) = postSolution
		SolutionGuid = {CC0AC824-BD51-4DBE-ACEA-B3ADA5132B1D}
	EndGlobalSection
EndGlobal
